
Microsoft Visual Studio Solution File, Format Version 12.00
# Visual Studio 15
VisualStudioVersion = 15.0.28307.329
MinimumVisualStudioVersion = 10.0.40219.1
Project("{8BC9CEB8-8B4A-11D0-8D11-00A0C91BC942}") = "Client", "Client\Client.vcxproj", "{88FB7AD8-9A8B-4795-96C1-E0C55B0AE290}"
EndProject
Global
	GlobalSection(SolutionConfigurationPlatforms) = preSolution
		Debug|x64 = Debug|x64
		Debug|x86 = Debug|x86
		Release|x64 = Release|x64
		Release|x86 = Release|x86
	EndGlobalSection
	GlobalSection(ProjectConfigurationPlatforms) = postSolution
		{88FB7AD8-9A8B-4795-96C1-E0C55B0AE290}.Debug|x64.ActiveCfg = Debug|x64
		{88FB7AD8-9A8B-4795-96C1-E0C55B0AE290}.Debug|x64.Build.0 = Debug|x64
		{88FB7AD8-9A8B-4795-96C1-E0C55B0AE290}.Debug|x86.ActiveCfg = Debug|Win32
		{88FB7AD8-9A8B-4795-96C1-E0C55B0AE290}.Debug|x86.Build.0 = Debug|Win32
		{88FB7AD8-9A8B-4795-96C1-E0C55B0AE290}.Release|x64.ActiveCfg = Release|x64
		{88FB7AD8-9A8B-4795-96C1-E0C55B0AE290}.Release|x64.Build.0 = Release|x64
		{88FB7AD8-9A8B-4795-96C1-E0C55B0AE290}.Release|x86.ActiveCfg = Release|Win32
		{88FB7AD8-9A8B-4795-96C1-E0C55B0AE290}.Release|x86.Build.0 = Release|Win32
	EndGlobalSection
	GlobalSection(SolutionProperties) = preSolution
		HideSolutionNode = FALSE
	EndGlobalSection
	GlobalSection(ExtensibilityGlobals) = postSolution
		SolutionGuid = {F0A2A1EB-C447-4EF0-844F-210A0AC7CE7E}
	EndGlobalSection
EndGlobal
